
Microsoft Visual Studio Solution File, Format Version 12.00
# Visual Studio Version 17
VisualStudioVersion = 17.4.33205.214
MinimumVisualStudioVersion = 10.0.40219.1
Project("{9A19103F-16F7-4668-BE54-9A1E7A4F7556}") = "ApiUsuarios", "ApiUsuarios\ApiUsuarios.csproj", "{C99A54F6-DA75-4889-931B-29A31BCE0834}"
EndProject
Project("{9A19103F-16F7-4668-BE54-9A1E7A4F7556}") = "ApiProductos", "ApiProductos\ApiProductos.csproj", "{7B26DE52-0093-47C7-867D-BBAB17466E05}"
EndProject
Project("{54A90642-561A-4BB1-A94E-469ADEE60C69}") = "ClienteApp", "ClienteApp\ClienteApp.esproj", "{042014A1-3321-4C4C-86CD-D5987C22E3AA}"
EndProject
Global
	GlobalSection(SolutionConfigurationPlatforms) = preSolution
		Debug|Any CPU = Debug|Any CPU
		Release|Any CPU = Release|Any CPU
	EndGlobalSection
	GlobalSection(ProjectConfigurationPlatforms) = postSolution
		{C99A54F6-DA75-4889-931B-29A31BCE0834}.Debug|Any CPU.ActiveCfg = Debug|Any CPU
		{C99A54F6-DA75-4889-931B-29A31BCE0834}.Debug|Any CPU.Build.0 = Debug|Any CPU
		{C99A54F6-DA75-4889-931B-29A31BCE0834}.Release|Any CPU.ActiveCfg = Release|Any CPU
		{C99A54F6-DA75-4889-931B-29A31BCE0834}.Release|Any CPU.Build.0 = Release|Any CPU
		{7B26DE52-0093-47C7-867D-BBAB17466E05}.Debug|Any CPU.ActiveCfg = Debug|Any CPU
		{7B26DE52-0093-47C7-867D-BBAB17466E05}.Debug|Any CPU.Build.0 = Debug|Any CPU
		{7B26DE52-0093-47C7-867D-BBAB17466E05}.Release|Any CPU.ActiveCfg = Release|Any CPU
		{7B26DE52-0093-47C7-867D-BBAB17466E05}.Release|Any CPU.Build.0 = Release|Any CPU
		{042014A1-3321-4C4C-86CD-D5987C22E3AA}.Debug|Any CPU.ActiveCfg = Debug|Any CPU
		{042014A1-3321-4C4C-86CD-D5987C22E3AA}.Debug|Any CPU.Build.0 = Debug|Any CPU
		{042014A1-3321-4C4C-86CD-D5987C22E3AA}.Debug|Any CPU.Deploy.0 = Debug|Any CPU
		{042014A1-3321-4C4C-86CD-D5987C22E3AA}.Release|Any CPU.ActiveCfg = Release|Any CPU
		{042014A1-3321-4C4C-86CD-D5987C22E3AA}.Release|Any CPU.Build.0 = Release|Any CPU
		{042014A1-3321-4C4C-86CD-D5987C22E3AA}.Release|Any CPU.Deploy.0 = Release|Any CPU
	EndGlobalSection
	GlobalSection(SolutionProperties) = preSolution
		HideSolutionNode = FALSE
	EndGlobalSection
	GlobalSection(ExtensibilityGlobals) = postSolution
		SolutionGuid = {8193BF36-3BFA-463F-9856-6371845BB008}
	EndGlobalSection
EndGlobal
